// !$*UTF8*$!
{
	archiveVersion = 1;
	classes = {
	};
	objectVersion = 46;
	objects = {

/* Begin PBXBuildFile section */
		328D7EB690469EB96163FE1F /* Pods_ecoramdeo.framework in Frameworks */ = {isa = PBXBuildFile; fileRef = CC648DD3175F8AC054B1BAFA /* Pods_ecoramdeo.framework */; };
		F038BD161F00A3D200C90400 /* AppDelegate.swift in Sources */ = {isa = PBXBuildFile; fileRef = F038BD151F00A3D200C90400 /* AppDelegate.swift */; };
		F038BD181F00A3D200C90400 /* ViewController.swift in Sources */ = {isa = PBXBuildFile; fileRef = F038BD171F00A3D200C90400 /* ViewController.swift */; };
		F038BD1B1F00A3D300C90400 /* Main.storyboard in Resources */ = {isa = PBXBuildFile; fileRef = F038BD191F00A3D200C90400 /* Main.storyboard */; };
		F038BD1D1F00A3D300C90400 /* Assets.xcassets in Resources */ = {isa = PBXBuildFile; fileRef = F038BD1C1F00A3D300C90400 /* Assets.xcassets */; };
		F038BD201F00A3D300C90400 /* LaunchScreen.storyboard in Resources */ = {isa = PBXBuildFile; fileRef = F038BD1E1F00A3D300C90400 /* LaunchScreen.storyboard */; };
		F07120791F00B36E00B8C26F /* coramdeo.png in Resources */ = {isa = PBXBuildFile; fileRef = F07120781F00B36E00B8C26F /* coramdeo.png */; };
		F0C7764F1F0361F2008E3CE8 /* GoogleService-Info.plist in Resources */ = {isa = PBXBuildFile; fileRef = F0C7764E1F0361F2008E3CE8 /* GoogleService-Info.plist */; };
/* End PBXBuildFile section */

/* Begin PBXFileReference section */
		4AC8C641FFB3D4C609A35BCE /* Pods-ecoramdeo.release.xcconfig */ = {isa = PBXFileReference; includeInIndex = 1; lastKnownFileType = text.xcconfig; name = "Pods-ecoramdeo.release.xcconfig"; path = "Pods/Target Support Files/Pods-ecoramdeo/Pods-ecoramdeo.release.xcconfig"; sourceTree = "<group>"; };
		651E04E9EEE3A269234F5421 /* Pods-ecoramdeo.debug.xcconfig */ = {isa = PBXFileReference; includeInIndex = 1; lastKnownFileType = text.xcconfig; name = "Pods-ecoramdeo.debug.xcconfig"; path = "Pods/Target Support Files/Pods-ecoramdeo/Pods-ecoramdeo.debug.xcconfig"; sourceTree = "<group>"; };
		A73CBECE1F4A0BF600A3D60B /* Coramdeo.entitlements */ = {isa = PBXFileReference; lastKnownFileType = text.plist.entitlements; path = Coramdeo.entitlements; sourceTree = "<group>"; };
		CC648DD3175F8AC054B1BAFA /* Pods_ecoramdeo.framework */ = {isa = PBXFileReference; explicitFileType = wrapper.framework; includeInIndex = 0; path = Pods_ecoramdeo.framework; sourceTree = BUILT_PRODUCTS_DIR; };
		F038BD121F00A3D200C90400 /* Coramdeo.app */ = {isa = PBXFileReference; explicitFileType = wrapper.application; includeInIndex = 0; path = Coramdeo.app; sourceTree = BUILT_PRODUCTS_DIR; };
		F038BD151F00A3D200C90400 /* AppDelegate.swift */ = {isa = PBXFileReference; lastKnownFileType = sourcecode.swift; path = AppDelegate.swift; sourceTree = "<group>"; };
		F038BD171F00A3D200C90400 /* ViewController.swift */ = {isa = PBXFileReference; lastKnownFileType = sourcecode.swift; path = ViewController.swift; sourceTree = "<group>"; };
		F038BD1A1F00A3D200C90400 /* Base */ = {isa = PBXFileReference; lastKnownFileType = file.storyboard; name = Base; path = Base.lproj/Main.storyboard; sourceTree = "<group>"; };
		F038BD1C1F00A3D300C90400 /* Assets.xcassets */ = {isa = PBXFileReference; lastKnownFileType = folder.assetcatalog; path = Assets.xcassets; sourceTree = "<group>"; };
		F038BD1F1F00A3D300C90400 /* Base */ = {isa = PBXFileReference; lastKnownFileType = file.storyboard; name = Base; path = Base.lproj/LaunchScreen.storyboard; sourceTree = "<group>"; };
		F038BD211F00A3D300C90400 /* Info.plist */ = {isa = PBXFileReference; lastKnownFileType = text.plist.xml; path = Info.plist; sourceTree = "<group>"; };
		F07120781F00B36E00B8C26F /* coramdeo.png */ = {isa = PBXFileReference; lastKnownFileType = image.png; path = coramdeo.png; sourceTree = "<group>"; };
		F071207B1F00C8E300B8C26F /* Roboto-Bold.ttf */ = {isa = PBXFileReference; lastKnownFileType = file; path = "Roboto-Bold.ttf"; sourceTree = "<group>"; };
		F0C7764E1F0361F2008E3CE8 /* GoogleService-Info.plist */ = {isa = PBXFileReference; fileEncoding = 4; lastKnownFileType = text.plist.xml; path = "GoogleService-Info.plist"; sourceTree = "<group>"; };
/* End PBXFileReference section */

/* Begin PBXFrameworksBuildPhase section */
		F038BD0F1F00A3D200C90400 /* Frameworks */ = {
			isa = PBXFrameworksBuildPhase;
			buildActionMask = 2147483647;
			files = (
				328D7EB690469EB96163FE1F /* Pods_ecoramdeo.framework in Frameworks */,
			);
			runOnlyForDeploymentPostprocessing = 0;
		};
/* End PBXFrameworksBuildPhase section */

/* Begin PBXGroup section */
		2441AD0BECD785EF958B6DCE /* Pods */ = {
			isa = PBXGroup;
			children = (
				651E04E9EEE3A269234F5421 /* Pods-ecoramdeo.debug.xcconfig */,
				4AC8C641FFB3D4C609A35BCE /* Pods-ecoramdeo.release.xcconfig */,
			);
			name = Pods;
			sourceTree = "<group>";
		};
		E54BD99E50996401DB9985E0 /* Frameworks */ = {
			isa = PBXGroup;
			children = (
				CC648DD3175F8AC054B1BAFA /* Pods_ecoramdeo.framework */,
			);
			name = Frameworks;
			sourceTree = "<group>";
		};
		F038BD091F00A3D200C90400 = {
			isa = PBXGroup;
			children = (
				F038BD141F00A3D200C90400 /* ecoramdeo */,
				F038BD131F00A3D200C90400 /* Products */,
				2441AD0BECD785EF958B6DCE /* Pods */,
				E54BD99E50996401DB9985E0 /* Frameworks */,
			);
			sourceTree = "<group>";
		};
		F038BD131F00A3D200C90400 /* Products */ = {
			isa = PBXGroup;
			children = (
				F038BD121F00A3D200C90400 /* Coramdeo.app */,
			);
			name = Products;
			sourceTree = "<group>";
		};
		F038BD141F00A3D200C90400 /* ecoramdeo */ = {
			isa = PBXGroup;
			children = (
				A73CBECE1F4A0BF600A3D60B /* Coramdeo.entitlements */,
				F071207B1F00C8E300B8C26F /* Roboto-Bold.ttf */,
				F07120781F00B36E00B8C26F /* coramdeo.png */,
				F038BD151F00A3D200C90400 /* AppDelegate.swift */,
				F038BD171F00A3D200C90400 /* ViewController.swift */,
				F038BD191F00A3D200C90400 /* Main.storyboard */,
				F038BD1C1F00A3D300C90400 /* Assets.xcassets */,
				F038BD1E1F00A3D300C90400 /* LaunchScreen.storyboard */,
				F038BD211F00A3D300C90400 /* Info.plist */,
				F0C7764E1F0361F2008E3CE8 /* GoogleService-Info.plist */,
			);
			path = ecoramdeo;
			sourceTree = "<group>";
		};
/* End PBXGroup section */

/* Begin PBXNativeTarget section */
		F038BD111F00A3D200C90400 /* ecoramdeo */ = {
			isa = PBXNativeTarget;
			buildConfigurationList = F038BD241F00A3D300C90400 /* Build configuration list for PBXNativeTarget "ecoramdeo" */;
			buildPhases = (
				1532188E78CB138264FC3244 /* [CP] Check Pods Manifest.lock */,
				F038BD0E1F00A3D200C90400 /* Sources */,
				F038BD0F1F00A3D200C90400 /* Frameworks */,
				F038BD101F00A3D200C90400 /* Resources */,
				49EEF82A96D5319FC69B235E /* [CP] Embed Pods Frameworks */,
				45E7225B5736852F1F5B0C11 /* [CP] Copy Pods Resources */,
			);
			buildRules = (
			);
			dependencies = (
			);
			name = ecoramdeo;
			productName = ecoramdeo;
			productReference = F038BD121F00A3D200C90400 /* Coramdeo.app */;
			productType = "com.apple.product-type.application";
		};
/* End PBXNativeTarget section */

/* Begin PBXProject section */
		F038BD0A1F00A3D200C90400 /* Project object */ = {
			isa = PBXProject;
			attributes = {
				LastSwiftUpdateCheck = 0830;
				LastUpgradeCheck = 0830;
				ORGANIZATIONNAME = Coramdeo;
				TargetAttributes = {
					F038BD111F00A3D200C90400 = {
						CreatedOnToolsVersion = 8.3.3;
						DevelopmentTeam = 269T25V727;
						ProvisioningStyle = Automatic;
						SystemCapabilities = {
							com.apple.Push = {
								enabled = 1;
							};
						};
					};
				};
			};
			buildConfigurationList = F038BD0D1F00A3D200C90400 /* Build configuration list for PBXProject "ecoramdeo" */;
			compatibilityVersion = "Xcode 3.2";
			developmentRegion = English;
			hasScannedForEncodings = 0;
			knownRegions = (
				en,
				Base,
			);
			mainGroup = F038BD091F00A3D200C90400;
			productRefGroup = F038BD131F00A3D200C90400 /* Products */;
			projectDirPath = "";
			projectRoot = "";
			targets = (
				F038BD111F00A3D200C90400 /* ecoramdeo */,
			);
		};
/* End PBXProject section */

/* Begin PBXResourcesBuildPhase section */
		F038BD101F00A3D200C90400 /* Resources */ = {
			isa = PBXResourcesBuildPhase;
			buildActionMask = 2147483647;
			files = (
				F038BD201F00A3D300C90400 /* LaunchScreen.storyboard in Resources */,
				F07120791F00B36E00B8C26F /* coramdeo.png in Resources */,
				F0C7764F1F0361F2008E3CE8 /* GoogleService-Info.plist in Resources */,
				F038BD1D1F00A3D300C90400 /* Assets.xcassets in Resources */,
				F038BD1B1F00A3D300C90400 /* Main.storyboard in Resources */,
			);
			runOnlyForDeploymentPostprocessing = 0;
		};
/* End PBXResourcesBuildPhase section */

/* Begin PBXShellScriptBuildPhase section */
		1532188E78CB138264FC3244 /* [CP] Check Pods Manifest.lock */ = {
			isa = PBXShellScriptBuildPhase;
			buildActionMask = 2147483647;
			files = (
			);
			inputPaths = (
			);
			name = "[CP] Check Pods Manifest.lock";
			outputPaths = (
			);
			runOnlyForDeploymentPostprocessing = 0;
			shellPath = /bin/sh;
			shellScript = "diff \"${PODS_PODFILE_DIR_PATH}/Podfile.lock\" \"${PODS_ROOT}/Manifest.lock\" > /dev/null\nif [ $? != 0 ] ; then\n    # print error to STDERR\n    echo \"error: The sandbox is not in sync with the Podfile.lock. Run 'pod install' or update your CocoaPods installation.\" >&2\n    exit 1\nfi\n";
			showEnvVarsInLog = 0;
		};
		45E7225B5736852F1F5B0C11 /* [CP] Copy Pods Resources */ = {
			isa = PBXShellScriptBuildPhase;
			buildActionMask = 2147483647;
			files = (
			);
			inputPaths = (
			);
			name = "[CP] Copy Pods Resources";
			outputPaths = (
			);
			runOnlyForDeploymentPostprocessing = 0;
			shellPath = /bin/sh;
			shellScript = "\"${SRCROOT}/Pods/Target Support Files/Pods-ecoramdeo/Pods-ecoramdeo-resources.sh\"\n";
			showEnvVarsInLog = 0;
		};
		49EEF82A96D5319FC69B235E /* [CP] Embed Pods Frameworks */ = {
			isa = PBXShellScriptBuildPhase;
			buildActionMask = 2147483647;
			files = (
			);
			inputPaths = (
			);
			name = "[CP] Embed Pods Frameworks";
			outputPaths = (
			);
			runOnlyForDeploymentPostprocessing = 0;
			shellPath = /bin/sh;
			shellScript = "\"${SRCROOT}/Pods/Target Support Files/Pods-ecoramdeo/Pods-ecoramdeo-frameworks.sh\"\n";
			showEnvVarsInLog = 0;
		};
/* End PBXShellScriptBuildPhase section */

/* Begin PBXSourcesBuildPhase section */
		F038BD0E1F00A3D200C90400 /* Sources */ = {
			isa = PBXSourcesBuildPhase;
			buildActionMask = 2147483647;
			files = (
				F038BD181F00A3D200C90400 /* ViewController.swift in Sources */,
				F038BD161F00A3D200C90400 /* AppDelegate.swift in Sources */,
			);
			runOnlyForDeploymentPostprocessing = 0;
		};
/* End PBXSourcesBuildPhase section */

/* Begin PBXVariantGroup section */
		F038BD191F00A3D200C90400 /* Main.storyboard */ = {
			isa = PBXVariantGroup;
			children = (
				F038BD1A1F00A3D200C90400 /* Base */,
			);
			name = Main.storyboard;
			sourceTree = "<group>";
		};
		F038BD1E1F00A3D300C90400 /* LaunchScreen.storyboard */ = {
			isa = PBXVariantGroup;
			children = (
				F038BD1F1F00A3D300C90400 /* Base */,
			);
			name = LaunchScreen.storyboard;
			sourceTree = "<group>";
		};
/* End PBXVariantGroup section */

/* Begin XCBuildConfiguration section */
		F038BD221F00A3D300C90400 /* Debug */ = {
			isa = XCBuildConfiguration;
			buildSettings = {
				ALWAYS_SEARCH_USER_PATHS = NO;
				CLANG_ANALYZER_NONNULL = YES;
				CLANG_ANALYZER_NUMBER_OBJECT_CONVERSION = YES_AGGRESSIVE;
				CLANG_CXX_LANGUAGE_STANDARD = "gnu++0x";
				CLANG_CXX_LIBRARY = "libc++";
				CLANG_ENABLE_MODULES = YES;
				CLANG_ENABLE_OBJC_ARC = YES;
				CLANG_WARN_BOOL_CONVERSION = YES;
				CLANG_WARN_CONSTANT_CONVERSION = YES;
				CLANG_WARN_DIRECT_OBJC_ISA_USAGE = YES_ERROR;
				CLANG_WARN_DOCUMENTATION_COMMENTS = YES;
				CLANG_WARN_EMPTY_BODY = YES;
				CLANG_WARN_ENUM_CONVERSION = YES;
				CLANG_WARN_INFINITE_RECURSION = YES;
				CLANG_WARN_INT_CONVERSION = YES;
				CLANG_WARN_OBJC_ROOT_CLASS = YES_ERROR;
				CLANG_WARN_SUSPICIOUS_MOVE = YES;
				CLANG_WARN_UNREACHABLE_CODE = YES;
				CLANG_WARN__DUPLICATE_METHOD_MATCH = YES;
				"CODE_SIGN_IDENTITY[sdk=iphoneos*]" = "iPhone Developer";
				COPY_PHASE_STRIP = NO;
				DEBUG_INFORMATION_FORMAT = dwarf;
				ENABLE_STRICT_OBJC_MSGSEND = YES;
				ENABLE_TESTABILITY = YES;
				GCC_C_LANGUAGE_STANDARD = gnu99;
				GCC_DYNAMIC_NO_PIC = NO;
				GCC_NO_COMMON_BLOCKS = YES;
				GCC_OPTIMIZATION_LEVEL = 0;
				GCC_PREPROCESSOR_DEFINITIONS = (
					"DEBUG=1",
					"$(inherited)",
				);
				GCC_WARN_64_TO_32_BIT_CONVERSION = YES;
				GCC_WARN_ABOUT_RETURN_TYPE = YES_ERROR;
				GCC_WARN_UNDECLARED_SELECTOR = YES;
				GCC_WARN_UNINITIALIZED_AUTOS = YES_AGGRESSIVE;
				GCC_WARN_UNUSED_FUNCTION = YES;
				GCC_WARN_UNUSED_VARIABLE = YES;
				IPHONEOS_DEPLOYMENT_TARGET = 10.3;
				MTL_ENABLE_DEBUG_INFO = YES;
				ONLY_ACTIVE_ARCH = YES;
				SDKROOT = iphoneos;
				SWIFT_ACTIVE_COMPILATION_CONDITIONS = DEBUG;
				SWIFT_OPTIMIZATION_LEVEL = "-Onone";
				TARGETED_DEVICE_FAMILY = "1,2";
			};
			name = Debug;
		};
		F038BD231F00A3D300C90400 /* Release */ = {
			isa = XCBuildConfiguration;
			buildSettings = {
				ALWAYS_SEARCH_USER_PATHS = NO;
				CLANG_ANALYZER_NONNULL = YES;
				CLANG_ANALYZER_NUMBER_OBJECT_CONVERSION = YES_AGGRESSIVE;
				CLANG_CXX_LANGUAGE_STANDARD = "gnu++0x";
				CLANG_CXX_LIBRARY = "libc++";
				CLANG_ENABLE_MODULES = YES;
				CLANG_ENABLE_OBJC_ARC = YES;
				CLANG_WARN_BOOL_CONVERSION = YES;
				CLANG_WARN_CONSTANT_CONVERSION = YES;
				CLANG_WARN_DIRECT_OBJC_ISA_USAGE = YES_ERROR;
				CLANG_WARN_DOCUMENTATION_COMMENTS = YES;
				CLANG_WARN_EMPTY_BODY = YES;
				CLANG_WARN_ENUM_CONVERSION = YES;
				CLANG_WARN_INFINITE_RECURSION = YES;
				CLANG_WARN_INT_CONVERSION = YES;
				CLANG_WARN_OBJC_ROOT_CLASS = YES_ERROR;
				CLANG_WARN_SUSPICIOUS_MOVE = YES;
				CLANG_WARN_UNREACHABLE_CODE = YES;
				CLANG_WARN__DUPLICATE_METHOD_MATCH = YES;
				"CODE_SIGN_IDENTITY[sdk=iphoneos*]" = "iPhone Developer";
				COPY_PHASE_STRIP = NO;
				DEBUG_INFORMATION_FORMAT = "dwarf-with-dsym";
				ENABLE_NS_ASSERTIONS = NO;
				ENABLE_STRICT_OBJC_MSGSEND = YES;
				GCC_C_LANGUAGE_STANDARD = gnu99;
				GCC_NO_COMMON_BLOCKS = YES;
				GCC_WARN_64_TO_32_BIT_CONVERSION = YES;
				GCC_WARN_ABOUT_RETURN_TYPE = YES_ERROR;
				GCC_WARN_UNDECLARED_SELECTOR = YES;
				GCC_WARN_UNINITIALIZED_AUTOS = YES_AGGRESSIVE;
				GCC_WARN_UNUSED_FUNCTION = YES;
				GCC_WARN_UNUSED_VARIABLE = YES;
				IPHONEOS_DEPLOYMENT_TARGET = 10.3;
				MTL_ENABLE_DEBUG_INFO = NO;
				SDKROOT = iphoneos;
				SWIFT_OPTIMIZATION_LEVEL = "-Owholemodule";
				TARGETED_DEVICE_FAMILY = "1,2";
				VALIDATE_PRODUCT = YES;
			};
			name = Release;
		};
		F038BD251F00A3D300C90400 /* Debug */ = {
			isa = XCBuildConfiguration;
			baseConfigurationReference = 651E04E9EEE3A269234F5421 /* Pods-ecoramdeo.debug.xcconfig */;
			buildSettings = {
				ASSETCATALOG_COMPILER_APPICON_NAME = AppIcon;
				CODE_SIGN_ENTITLEMENTS = ecoramdeo/Coramdeo.entitlements;
				DEVELOPMENT_TEAM = 269T25V727;
				INFOPLIST_FILE = ecoramdeo/Info.plist;
				IPHONEOS_DEPLOYMENT_TARGET = 8.0;
				LD_RUNPATH_SEARCH_PATHS = "$(inherited) @executable_path/Frameworks";
				PRODUCT_BUNDLE_IDENTIFIER = com.ecoramdeo;
				PRODUCT_NAME = Coramdeo;
				SWIFT_VERSION = 3.0;
			};
			name = Debug;
		};
		F038BD261F00A3D300C90400 /* Release */ = {
			isa = XCBuildConfiguration;
			baseConfigurationReference = 4AC8C641FFB3D4C609A35BCE /* Pods-ecoramdeo.release.xcconfig */;
			buildSettings = {
				ASSETCATALOG_COMPILER_APPICON_NAME = AppIcon;
				CODE_SIGN_ENTITLEMENTS = ecoramdeo/Coramdeo.entitlements;
				DEVELOPMENT_TEAM = 269T25V727;
				INFOPLIST_FILE = ecoramdeo/Info.plist;
				IPHONEOS_DEPLOYMENT_TARGET = 8.0;
				LD_RUNPATH_SEARCH_PATHS = "$(inherited) @executable_path/Frameworks";
				PRODUCT_BUNDLE_IDENTIFIER = com.ecoramdeo;
				PRODUCT_NAME = Coramdeo;
				SWIFT_VERSION = 3.0;
			};
			name = Release;
		};
/* End XCBuildConfiguration section */

/* Begin XCConfigurationList section */
		F038BD0D1F00A3D200C90400 /* Build configuration list for PBXProject "ecoramdeo" */ = {
			isa = XCConfigurationList;
			buildConfigurations = (
				F038BD221F00A3D300C90400 /* Debug */,
				F038BD231F00A3D300C90400 /* Release */,
			);
			defaultConfigurationIsVisible = 0;
			defaultConfigurationName = Release;
		};
		F038BD241F00A3D300C90400 /* Build configuration list for PBXNativeTarget "ecoramdeo" */ = {
			isa = XCConfigurationList;
			buildConfigurations = (
				F038BD251F00A3D300C90400 /* Debug */,
				F038BD261F00A3D300C90400 /* Release */,
			);
			defaultConfigurationIsVisible = 0;
			defaultConfigurationName = Release;
		};
/* End XCConfigurationList section */
	};
	rootObject = F038BD0A1F00A3D200C90400 /* Project object */;
}
